
Microsoft Visual Studio Solution File, Format Version 12.00
# Visual Studio Version 17
VisualStudioVersion = 17.3.32901.215
MinimumVisualStudioVersion = 10.0.40219.1
Project("{E24C65DC-7377-472B-9ABA-BC803B73C61A}") = "Yemek__Tarifleri_Sitem", "Yemek__Tarifleri_Sitem\", "{87DE7042-0AA8-42E5-A461-895662C77A57}"
	ProjectSection(WebsiteProperties) = preProject
		TargetFrameworkMoniker = ".NETFramework,Version%3Dv4.7.2"
		Debug.AspNetCompiler.VirtualPath = "/localhost_65211"
		Debug.AspNetCompiler.PhysicalPath = "Yemek__Tarifleri_Sitem\"
		Debug.AspNetCompiler.TargetPath = "PrecompiledWeb\localhost_65211\"
		Debug.AspNetCompiler.Updateable = "true"
		Debug.AspNetCompiler.ForceOverwrite = "true"
		Debug.AspNetCompiler.FixedNames = "false"
		Debug.AspNetCompiler.Debug = "True"
		Release.AspNetCompiler.VirtualPath = "/localhost_65211"
		Release.AspNetCompiler.PhysicalPath = "Yemek__Tarifleri_Sitem\"
		Release.AspNetCompiler.TargetPath = "PrecompiledWeb\localhost_65211\"
		Release.AspNetCompiler.Updateable = "true"
		Release.AspNetCompiler.ForceOverwrite = "true"
		Release.AspNetCompiler.FixedNames = "false"
		Release.AspNetCompiler.Debug = "False"
		VWDPort = "65211"
		SlnRelativePath = "Yemek__Tarifleri_Sitem\"
		DefaultWebSiteLanguage = "Visual C#"
	EndProjectSection
EndProject
Global
	GlobalSection(SolutionConfigurationPlatforms) = preSolution
		Debug|Any CPU = Debug|Any CPU
	EndGlobalSection
	GlobalSection(ProjectConfigurationPlatforms) = postSolution
		{87DE7042-0AA8-42E5-A461-895662C77A57}.Debug|Any CPU.ActiveCfg = Debug|Any CPU
		{87DE7042-0AA8-42E5-A461-895662C77A57}.Debug|Any CPU.Build.0 = Debug|Any CPU
	EndGlobalSection
	GlobalSection(SolutionProperties) = preSolution
		HideSolutionNode = FALSE
	EndGlobalSection
	GlobalSection(ExtensibilityGlobals) = postSolution
		SolutionGuid = {AF95B901-7004-4C25-9A80-8600AA2B5920}
	EndGlobalSection
EndGlobal
